
Microsoft Visual Studio Solution File, Format Version 12.00
# Visual Studio 2013
VisualStudioVersion = 12.0.31101.0
MinimumVisualStudioVersion = 10.0.40219.1
Project("{FAE04EC0-301F-11D3-BF4B-00C04F79EFBC}") = "argos-sdk", "..\..\argos-sdk\argos-sdk.csproj", "{697D1AC7-08CC-4C77-9FEC-F14CC4A8B831}"
EndProject
Project("{FAE04EC0-301F-11D3-BF4B-00C04F79EFBC}") = "argos-saleslogix", "argos-saleslogix.csproj", "{83B54847-144E-49D8-A877-1C4C2DF2E314}"
EndProject
Global
	GlobalSection(SolutionConfigurationPlatforms) = preSolution
		Debug|Any CPU = Debug|Any CPU
		Release|Any CPU = Release|Any CPU
	EndGlobalSection
	GlobalSection(ProjectConfigurationPlatforms) = postSolution
		{697D1AC7-08CC-4C77-9FEC-F14CC4A8B831}.Debug|Any CPU.ActiveCfg = Debug|Any CPU
		{697D1AC7-08CC-4C77-9FEC-F14CC4A8B831}.Debug|Any CPU.Build.0 = Debug|Any CPU
		{697D1AC7-08CC-4C77-9FEC-F14CC4A8B831}.Release|Any CPU.ActiveCfg = Release|Any CPU
		{697D1AC7-08CC-4C77-9FEC-F14CC4A8B831}.Release|Any CPU.Build.0 = Release|Any CPU
		{83B54847-144E-49D8-A877-1C4C2DF2E314}.Debug|Any CPU.ActiveCfg = Debug|Any CPU
		{83B54847-144E-49D8-A877-1C4C2DF2E314}.Debug|Any CPU.Build.0 = Debug|Any CPU
		{83B54847-144E-49D8-A877-1C4C2DF2E314}.Release|Any CPU.ActiveCfg = Release|Any CPU
		{83B54847-144E-49D8-A877-1C4C2DF2E314}.Release|Any CPU.Build.0 = Release|Any CPU
	EndGlobalSection
	GlobalSection(SolutionProperties) = preSolution
		HideSolutionNode = FALSE
	EndGlobalSection
EndGlobal
