
Microsoft Visual Studio Solution File, Format Version 11.00
# Visual Studio 2010
Project("{E24C65DC-7377-472B-9ABA-BC803B73C61A}") = "argos-saleslogix", ".", "{FE7F1AFC-80E7-4545-BB14-D8134917085E}"
	ProjectSection(WebsiteProperties) = preProject
		TargetFrameworkMoniker = ".NETFramework,Version%3Dv4.0"
		Debug.AspNetCompiler.VirtualPath = "/argos-saleslogix"
		Debug.AspNetCompiler.PhysicalPath = "..\argos-saleslogix\"
		Debug.AspNetCompiler.TargetPath = "PrecompiledWeb\argos-saleslogix\"
		Debug.AspNetCompiler.Updateable = "true"
		Debug.AspNetCompiler.ForceOverwrite = "true"
		Debug.AspNetCompiler.FixedNames = "false"
		Debug.AspNetCompiler.Debug = "True"
		Release.AspNetCompiler.VirtualPath = "/argos-saleslogix"
		Release.AspNetCompiler.PhysicalPath = "..\argos-saleslogix\"
		Release.AspNetCompiler.TargetPath = "PrecompiledWeb\argos-saleslogix\"
		Release.AspNetCompiler.Updateable = "true"
		Release.AspNetCompiler.ForceOverwrite = "true"
		Release.AspNetCompiler.FixedNames = "false"
		Release.AspNetCompiler.Debug = "False"
		VWDPort = "35455"
	EndProjectSection
EndProject
Project("{E24C65DC-7377-472B-9ABA-BC803B73C61A}") = "argos-gcrm", "..\argos-gcrm\", "{E824FCAB-2F7C-4C3D-B02D-FB1F313C90C5}"
	ProjectSection(WebsiteProperties) = preProject
		TargetFrameworkMoniker = ".NETFramework,Version%3Dv4.0"
		Debug.AspNetCompiler.VirtualPath = "/argos-gcrm"
		Debug.AspNetCompiler.PhysicalPath = "..\argos-gcrm\"
		Debug.AspNetCompiler.TargetPath = "PrecompiledWeb\argos-gcrm\"
		Debug.AspNetCompiler.Updateable = "true"
		Debug.AspNetCompiler.ForceOverwrite = "true"
		Debug.AspNetCompiler.FixedNames = "false"
		Debug.AspNetCompiler.Debug = "True"
		Release.AspNetCompiler.VirtualPath = "/argos-gcrm"
		Release.AspNetCompiler.PhysicalPath = "..\argos-gcrm\"
		Release.AspNetCompiler.TargetPath = "PrecompiledWeb\argos-gcrm\"
		Release.AspNetCompiler.Updateable = "true"
		Release.AspNetCompiler.ForceOverwrite = "true"
		Release.AspNetCompiler.FixedNames = "false"
		Release.AspNetCompiler.Debug = "False"
		VWDPort = "36223"
	EndProjectSection
EndProject
Project("{E24C65DC-7377-472B-9ABA-BC803B73C61A}") = "argos-sdk", "..\..\argos-sdk\", "{196D85E3-7698-478F-B91B-8BC9B11F011C}"
	ProjectSection(WebsiteProperties) = preProject
		TargetFrameworkMoniker = ".NETFramework,Version%3Dv4.0"
		Debug.AspNetCompiler.VirtualPath = "/argos-sdk"
		Debug.AspNetCompiler.PhysicalPath = "..\..\argos-sdk\"
		Debug.AspNetCompiler.TargetPath = "PrecompiledWeb\argos-sdk\"
		Debug.AspNetCompiler.Updateable = "true"
		Debug.AspNetCompiler.ForceOverwrite = "true"
		Debug.AspNetCompiler.FixedNames = "false"
		Debug.AspNetCompiler.Debug = "True"
		Release.AspNetCompiler.VirtualPath = "/argos-sdk"
		Release.AspNetCompiler.PhysicalPath = "..\..\argos-sdk\"
		Release.AspNetCompiler.TargetPath = "PrecompiledWeb\argos-sdk\"
		Release.AspNetCompiler.Updateable = "true"
		Release.AspNetCompiler.ForceOverwrite = "true"
		Release.AspNetCompiler.FixedNames = "false"
		Release.AspNetCompiler.Debug = "False"
		VWDPort = "36224"
	EndProjectSection
EndProject
Global
	GlobalSection(SolutionConfigurationPlatforms) = preSolution
		Debug|Any CPU = Debug|Any CPU
	EndGlobalSection
	GlobalSection(ProjectConfigurationPlatforms) = postSolution
		{FE7F1AFC-80E7-4545-BB14-D8134917085E}.Debug|Any CPU.ActiveCfg = Debug|Any CPU
		{FE7F1AFC-80E7-4545-BB14-D8134917085E}.Debug|Any CPU.Build.0 = Debug|Any CPU
		{E824FCAB-2F7C-4C3D-B02D-FB1F313C90C5}.Debug|Any CPU.ActiveCfg = Debug|Any CPU
		{E824FCAB-2F7C-4C3D-B02D-FB1F313C90C5}.Debug|Any CPU.Build.0 = Debug|Any CPU
		{196D85E3-7698-478F-B91B-8BC9B11F011C}.Debug|Any CPU.ActiveCfg = Debug|Any CPU
		{196D85E3-7698-478F-B91B-8BC9B11F011C}.Debug|Any CPU.Build.0 = Debug|Any CPU
	EndGlobalSection
	GlobalSection(SolutionProperties) = preSolution
		HideSolutionNode = FALSE
	EndGlobalSection
EndGlobal
